// !$*UTF8*$!
{
	archiveVersion = 1;
	classes = {
	};
	objectVersion = 46;
	objects = {

/* Begin PBXBuildFile section */
		6354FB3A197F210000390034 /* Foundation.framework in Frameworks */ = {isa = PBXBuildFile; fileRef = 6354FB39197F210000390034 /* Foundation.framework */; };
		6354FB3C197F210000390034 /* CoreGraphics.framework in Frameworks */ = {isa = PBXBuildFile; fileRef = 6354FB3B197F210000390034 /* CoreGraphics.framework */; };
		6354FB3E197F210000390034 /* UIKit.framework in Frameworks */ = {isa = PBXBuildFile; fileRef = 6354FB3D197F210000390034 /* UIKit.framework */; };
		6354FB44197F210000390034 /* InfoPlist.strings in Resources */ = {isa = PBXBuildFile; fileRef = 6354FB42197F210000390034 /* InfoPlist.strings */; };
		6354FB46197F210000390034 /* main.m in Sources */ = {isa = PBXBuildFile; fileRef = 6354FB45197F210000390034 /* main.m */; };
		6354FB4A197F210000390034 /* JAMAppDelegate.m in Sources */ = {isa = PBXBuildFile; fileRef = 6354FB49197F210000390034 /* JAMAppDelegate.m */; };
		6354FB4D197F210000390034 /* Main.storyboard in Resources */ = {isa = PBXBuildFile; fileRef = 6354FB4B197F210000390034 /* Main.storyboard */; };
		6354FB50197F210000390034 /* JAMViewController.m in Sources */ = {isa = PBXBuildFile; fileRef = 6354FB4F197F210000390034 /* JAMViewController.m */; };
		6354FB52197F210000390034 /* Images.xcassets in Resources */ = {isa = PBXBuildFile; fileRef = 6354FB51197F210000390034 /* Images.xcassets */; };
		6354FB72197F218C00390034 /* JAMAccurateSlider.m in Sources */ = {isa = PBXBuildFile; fileRef = 6354FB71197F218C00390034 /* JAMAccurateSlider.m */; };
/* End PBXBuildFile section */

/* Begin PBXFileReference section */
		6354FB36197F210000390034 /* JAMAccurateSlider.app */ = {isa = PBXFileReference; explicitFileType = wrapper.application; includeInIndex = 0; path = JAMAccurateSlider.app; sourceTree = BUILT_PRODUCTS_DIR; };
		6354FB39197F210000390034 /* Foundation.framework */ = {isa = PBXFileReference; lastKnownFileType = wrapper.framework; name = Foundation.framework; path = System/Library/Frameworks/Foundation.framework; sourceTree = SDKROOT; };
		6354FB3B197F210000390034 /* CoreGraphics.framework */ = {isa = PBXFileReference; lastKnownFileType = wrapper.framework; name = CoreGraphics.framework; path = System/Library/Frameworks/CoreGraphics.framework; sourceTree = SDKROOT; };
		6354FB3D197F210000390034 /* UIKit.framework */ = {isa = PBXFileReference; lastKnownFileType = wrapper.framework; name = UIKit.framework; path = System/Library/Frameworks/UIKit.framework; sourceTree = SDKROOT; };
		6354FB41197F210000390034 /* JAMAccurateSlider-Info.plist */ = {isa = PBXFileReference; lastKnownFileType = text.plist.xml; path = "JAMAccurateSlider-Info.plist"; sourceTree = "<group>"; };
		6354FB43197F210000390034 /* en */ = {isa = PBXFileReference; lastKnownFileType = text.plist.strings; name = en; path = en.lproj/InfoPlist.strings; sourceTree = "<group>"; };
		6354FB45197F210000390034 /* main.m */ = {isa = PBXFileReference; lastKnownFileType = sourcecode.c.objc; path = main.m; sourceTree = "<group>"; };
		6354FB47197F210000390034 /* JAMAccurateSlider-Prefix.pch */ = {isa = PBXFileReference; lastKnownFileType = sourcecode.c.h; path = "JAMAccurateSlider-Prefix.pch"; sourceTree = "<group>"; };
		6354FB48197F210000390034 /* JAMAppDelegate.h */ = {isa = PBXFileReference; lastKnownFileType = sourcecode.c.h; path = JAMAppDelegate.h; sourceTree = "<group>"; };
		6354FB49197F210000390034 /* JAMAppDelegate.m */ = {isa = PBXFileReference; lastKnownFileType = sourcecode.c.objc; path = JAMAppDelegate.m; sourceTree = "<group>"; };
		6354FB4C197F210000390034 /* Base */ = {isa = PBXFileReference; lastKnownFileType = file.storyboard; name = Base; path = Base.lproj/Main.storyboard; sourceTree = "<group>"; };
		6354FB4E197F210000390034 /* JAMViewController.h */ = {isa = PBXFileReference; lastKnownFileType = sourcecode.c.h; path = JAMViewController.h; sourceTree = "<group>"; };
		6354FB4F197F210000390034 /* JAMViewController.m */ = {isa = PBXFileReference; lastKnownFileType = sourcecode.c.objc; path = JAMViewController.m; sourceTree = "<group>"; };
		6354FB51197F210000390034 /* Images.xcassets */ = {isa = PBXFileReference; lastKnownFileType = folder.assetcatalog; path = Images.xcassets; sourceTree = "<group>"; };
		6354FB70197F218C00390034 /* JAMAccurateSlider.h */ = {isa = PBXFileReference; fileEncoding = 4; lastKnownFileType = sourcecode.c.h; path = JAMAccurateSlider.h; sourceTree = "<group>"; };
		6354FB71197F218C00390034 /* JAMAccurateSlider.m */ = {isa = PBXFileReference; fileEncoding = 4; lastKnownFileType = sourcecode.c.objc; path = JAMAccurateSlider.m; sourceTree = "<group>"; };
/* End PBXFileReference section */

/* Begin PBXFrameworksBuildPhase section */
		6354FB33197F210000390034 /* Frameworks */ = {
			isa = PBXFrameworksBuildPhase;
			buildActionMask = 2147483647;
			files = (
				6354FB3C197F210000390034 /* CoreGraphics.framework in Frameworks */,
				6354FB3E197F210000390034 /* UIKit.framework in Frameworks */,
				6354FB3A197F210000390034 /* Foundation.framework in Frameworks */,
			);
			runOnlyForDeploymentPostprocessing = 0;
		};
/* End PBXFrameworksBuildPhase section */

/* Begin PBXGroup section */
		6354FB2D197F210000390034 = {
			isa = PBXGroup;
			children = (
				6354FB6E197F218C00390034 /* Classes */,
				6354FB3F197F210000390034 /* JAMAccurateSlider */,
				6354FB38197F210000390034 /* Frameworks */,
				6354FB37197F210000390034 /* Products */,
			);
			sourceTree = "<group>";
		};
		6354FB37197F210000390034 /* Products */ = {
			isa = PBXGroup;
			children = (
				6354FB36197F210000390034 /* JAMAccurateSlider.app */,
			);
			name = Products;
			sourceTree = "<group>";
		};
		6354FB38197F210000390034 /* Frameworks */ = {
			isa = PBXGroup;
			children = (
				6354FB39197F210000390034 /* Foundation.framework */,
				6354FB3B197F210000390034 /* CoreGraphics.framework */,
				6354FB3D197F210000390034 /* UIKit.framework */,
			);
			name = Frameworks;
			sourceTree = "<group>";
		};
		6354FB3F197F210000390034 /* JAMAccurateSlider */ = {
			isa = PBXGroup;
			children = (
				6354FB48197F210000390034 /* JAMAppDelegate.h */,
				6354FB49197F210000390034 /* JAMAppDelegate.m */,
				6354FB4B197F210000390034 /* Main.storyboard */,
				6354FB4E197F210000390034 /* JAMViewController.h */,
				6354FB4F197F210000390034 /* JAMViewController.m */,
				6354FB51197F210000390034 /* Images.xcassets */,
				6354FB40197F210000390034 /* Supporting Files */,
			);
			path = JAMAccurateSlider;
			sourceTree = "<group>";
		};
		6354FB40197F210000390034 /* Supporting Files */ = {
			isa = PBXGroup;
			children = (
				6354FB41197F210000390034 /* JAMAccurateSlider-Info.plist */,
				6354FB42197F210000390034 /* InfoPlist.strings */,
				6354FB45197F210000390034 /* main.m */,
				6354FB47197F210000390034 /* JAMAccurateSlider-Prefix.pch */,
			);
			name = "Supporting Files";
			sourceTree = "<group>";
		};
		6354FB6E197F218C00390034 /* Classes */ = {
			isa = PBXGroup;
			children = (
				6354FB6F197F218C00390034 /* JAMAccurateSlider */,
			);
			path = Classes;
			sourceTree = "<group>";
		};
		6354FB6F197F218C00390034 /* JAMAccurateSlider */ = {
			isa = PBXGroup;
			children = (
				6354FB70197F218C00390034 /* JAMAccurateSlider.h */,
				6354FB71197F218C00390034 /* JAMAccurateSlider.m */,
			);
			path = JAMAccurateSlider;
			sourceTree = "<group>";
		};
/* End PBXGroup section */

/* Begin PBXNativeTarget section */
		6354FB35197F210000390034 /* JAMAccurateSlider */ = {
			isa = PBXNativeTarget;
			buildConfigurationList = 6354FB68197F210000390034 /* Build configuration list for PBXNativeTarget "JAMAccurateSlider" */;
			buildPhases = (
				6354FB32197F210000390034 /* Sources */,
				6354FB33197F210000390034 /* Frameworks */,
				6354FB34197F210000390034 /* Resources */,
			);
			buildRules = (
			);
			dependencies = (
			);
			name = JAMAccurateSlider;
			productName = JAMAccurateSlider;
			productReference = 6354FB36197F210000390034 /* JAMAccurateSlider.app */;
			productType = "com.apple.product-type.application";
		};
/* End PBXNativeTarget section */

/* Begin PBXProject section */
		6354FB2E197F210000390034 /* Project object */ = {
			isa = PBXProject;
			attributes = {
				CLASSPREFIX = JAM;
				LastUpgradeCheck = 0510;
				ORGANIZATIONNAME = "Jeff Menter";
			};
			buildConfigurationList = 6354FB31197F210000390034 /* Build configuration list for PBXProject "JAMAccurateSlider" */;
			compatibilityVersion = "Xcode 3.2";
			developmentRegion = English;
			hasScannedForEncodings = 0;
			knownRegions = (
				en,
				Base,
			);
			mainGroup = 6354FB2D197F210000390034;
			productRefGroup = 6354FB37197F210000390034 /* Products */;
			projectDirPath = "";
			projectRoot = "";
			targets = (
				6354FB35197F210000390034 /* JAMAccurateSlider */,
			);
		};
/* End PBXProject section */

/* Begin PBXResourcesBuildPhase section */
		6354FB34197F210000390034 /* Resources */ = {
			isa = PBXResourcesBuildPhase;
			buildActionMask = 2147483647;
			files = (
				6354FB52197F210000390034 /* Images.xcassets in Resources */,
				6354FB44197F210000390034 /* InfoPlist.strings in Resources */,
				6354FB4D197F210000390034 /* Main.storyboard in Resources */,
			);
			runOnlyForDeploymentPostprocessing = 0;
		};
/* End PBXResourcesBuildPhase section */

/* Begin PBXSourcesBuildPhase section */
		6354FB32197F210000390034 /* Sources */ = {
			isa = PBXSourcesBuildPhase;
			buildActionMask = 2147483647;
			files = (
				6354FB46197F210000390034 /* main.m in Sources */,
				6354FB72197F218C00390034 /* JAMAccurateSlider.m in Sources */,
				6354FB4A197F210000390034 /* JAMAppDelegate.m in Sources */,
				6354FB50197F210000390034 /* JAMViewController.m in Sources */,
			);
			runOnlyForDeploymentPostprocessing = 0;
		};
/* End PBXSourcesBuildPhase section */

/* Begin PBXVariantGroup section */
		6354FB42197F210000390034 /* InfoPlist.strings */ = {
			isa = PBXVariantGroup;
			children = (
				6354FB43197F210000390034 /* en */,
			);
			name = InfoPlist.strings;
			sourceTree = "<group>";
		};
		6354FB4B197F210000390034 /* Main.storyboard */ = {
			isa = PBXVariantGroup;
			children = (
				6354FB4C197F210000390034 /* Base */,
			);
			name = Main.storyboard;
			sourceTree = "<group>";
		};
/* End PBXVariantGroup section */

/* Begin XCBuildConfiguration section */
		6354FB66197F210000390034 /* Debug */ = {
			isa = XCBuildConfiguration;
			buildSettings = {
				ALWAYS_SEARCH_USER_PATHS = NO;
				CLANG_CXX_LANGUAGE_STANDARD = "gnu++0x";
				CLANG_CXX_LIBRARY = "libc++";
				CLANG_ENABLE_MODULES = YES;
				CLANG_ENABLE_OBJC_ARC = YES;
				CLANG_WARN_BOOL_CONVERSION = YES;
				CLANG_WARN_CONSTANT_CONVERSION = YES;
				CLANG_WARN_DIRECT_OBJC_ISA_USAGE = YES_ERROR;
				CLANG_WARN_EMPTY_BODY = YES;
				CLANG_WARN_ENUM_CONVERSION = YES;
				CLANG_WARN_INT_CONVERSION = YES;
				CLANG_WARN_OBJC_ROOT_CLASS = YES_ERROR;
				CLANG_WARN__DUPLICATE_METHOD_MATCH = YES;
				"CODE_SIGN_IDENTITY[sdk=iphoneos*]" = "iPhone Developer";
				COPY_PHASE_STRIP = NO;
				GCC_C_LANGUAGE_STANDARD = gnu99;
				GCC_DYNAMIC_NO_PIC = NO;
				GCC_OPTIMIZATION_LEVEL = 0;
				GCC_PREPROCESSOR_DEFINITIONS = (
					"DEBUG=1",
					"$(inherited)",
				);
				GCC_SYMBOLS_PRIVATE_EXTERN = NO;
				GCC_WARN_64_TO_32_BIT_CONVERSION = YES;
				GCC_WARN_ABOUT_RETURN_TYPE = YES_ERROR;
				GCC_WARN_UNDECLARED_SELECTOR = YES;
				GCC_WARN_UNINITIALIZED_AUTOS = YES_AGGRESSIVE;
				GCC_WARN_UNUSED_FUNCTION = YES;
				GCC_WARN_UNUSED_VARIABLE = YES;
				IPHONEOS_DEPLOYMENT_TARGET = 7.0;
				ONLY_ACTIVE_ARCH = YES;
				SDKROOT = iphoneos;
			};
			name = Debug;
		};
		6354FB67197F210000390034 /* Release */ = {
			isa = XCBuildConfiguration;
			buildSettings = {
				ALWAYS_SEARCH_USER_PATHS = NO;
				CLANG_CXX_LANGUAGE_STANDARD = "gnu++0x";
				CLANG_CXX_LIBRARY = "libc++";
				CLANG_ENABLE_MODULES = YES;
				CLANG_ENABLE_OBJC_ARC = YES;
				CLANG_WARN_BOOL_CONVERSION = YES;
				CLANG_WARN_CONSTANT_CONVERSION = YES;
				CLANG_WARN_DIRECT_OBJC_ISA_USAGE = YES_ERROR;
				CLANG_WARN_EMPTY_BODY = YES;
				CLANG_WARN_ENUM_CONVERSION = YES;
				CLANG_WARN_INT_CONVERSION = YES;
				CLANG_WARN_OBJC_ROOT_CLASS = YES_ERROR;
				CLANG_WARN__DUPLICATE_METHOD_MATCH = YES;
				"CODE_SIGN_IDENTITY[sdk=iphoneos*]" = "iPhone Developer";
				COPY_PHASE_STRIP = YES;
				ENABLE_NS_ASSERTIONS = NO;
				GCC_C_LANGUAGE_STANDARD = gnu99;
				GCC_WARN_64_TO_32_BIT_CONVERSION = YES;
				GCC_WARN_ABOUT_RETURN_TYPE = YES_ERROR;
				GCC_WARN_UNDECLARED_SELECTOR = YES;
				GCC_WARN_UNINITIALIZED_AUTOS = YES_AGGRESSIVE;
				GCC_WARN_UNUSED_FUNCTION = YES;
				GCC_WARN_UNUSED_VARIABLE = YES;
				IPHONEOS_DEPLOYMENT_TARGET = 7.0;
				SDKROOT = iphoneos;
				VALIDATE_PRODUCT = YES;
			};
			name = Release;
		};
		6354FB69197F210000390034 /* Debug */ = {
			isa = XCBuildConfiguration;
			buildSettings = {
				ASSETCATALOG_COMPILER_APPICON_NAME = AppIcon;
				ASSETCATALOG_COMPILER_LAUNCHIMAGE_NAME = LaunchImage;
				CODE_SIGN_IDENTITY = "iPhone Developer: Jeff Menter (T6K44Z57X5)";
				GCC_PRECOMPILE_PREFIX_HEADER = YES;
				GCC_PREFIX_HEADER = "JAMAccurateSlider/JAMAccurateSlider-Prefix.pch";
				INFOPLIST_FILE = "JAMAccurateSlider/JAMAccurateSlider-Info.plist";
				IPHONEOS_DEPLOYMENT_TARGET = 7.1;
				PRODUCT_NAME = "$(TARGET_NAME)";
				PROVISIONING_PROFILE = "2D46CD5A-529F-43B3-B6B4-F5EF2A90D7B9";
				TARGETED_DEVICE_FAMILY = "1,2";
				WRAPPER_EXTENSION = app;
			};
			name = Debug;
		};
		6354FB6A197F210000390034 /* Release */ = {
			isa = XCBuildConfiguration;
			buildSettings = {
				ASSETCATALOG_COMPILER_APPICON_NAME = AppIcon;
				ASSETCATALOG_COMPILER_LAUNCHIMAGE_NAME = LaunchImage;
				CODE_SIGN_IDENTITY = "iPhone Developer: Jeff Menter (T6K44Z57X5)";
				GCC_PRECOMPILE_PREFIX_HEADER = YES;
				GCC_PREFIX_HEADER = "JAMAccurateSlider/JAMAccurateSlider-Prefix.pch";
				INFOPLIST_FILE = "JAMAccurateSlider/JAMAccurateSlider-Info.plist";
				IPHONEOS_DEPLOYMENT_TARGET = 7.1;
				PRODUCT_NAME = "$(TARGET_NAME)";
				PROVISIONING_PROFILE = "2D46CD5A-529F-43B3-B6B4-F5EF2A90D7B9";
				TARGETED_DEVICE_FAMILY = "1,2";
				WRAPPER_EXTENSION = app;
			};
			name = Release;
		};
/* End XCBuildConfiguration section */

/* Begin XCConfigurationList section */
		6354FB31197F210000390034 /* Build configuration list for PBXProject "JAMAccurateSlider" */ = {
			isa = XCConfigurationList;
			buildConfigurations = (
				6354FB66197F210000390034 /* Debug */,
				6354FB67197F210000390034 /* Release */,
			);
			defaultConfigurationIsVisible = 0;
			defaultConfigurationName = Release;
		};
		6354FB68197F210000390034 /* Build configuration list for PBXNativeTarget "JAMAccurateSlider" */ = {
			isa = XCConfigurationList;
			buildConfigurations = (
				6354FB69197F210000390034 /* Debug */,
				6354FB6A197F210000390034 /* Release */,
			);
			defaultConfigurationIsVisible = 0;
			defaultConfigurationName = Release;
		};
/* End XCConfigurationList section */
	};
	rootObject = 6354FB2E197F210000390034 /* Project object */;
}
